
Microsoft Visual Studio Solution File, Format Version 12.00
# Visual Studio Version 16
VisualStudioVersion = 16.0.33423.256
MinimumVisualStudioVersion = 10.0.40219.1
Project("{FAE04EC0-301F-11D3-BF4B-00C04F79EFBC}") = "OnlineFarm", "OnlineFarm\OnlineFarm.csproj", "{283223D5-5838-41CF-A836-A7F93BBF14FF}"
EndProject
Global
	GlobalSection(SolutionConfigurationPlatforms) = preSolution
		Debug|Any CPU = Debug|Any CPU
		Release|Any CPU = Release|Any CPU
	EndGlobalSection
	GlobalSection(ProjectConfigurationPlatforms) = postSolution
		{283223D5-5838-41CF-A836-A7F93BBF14FF}.Debug|Any CPU.ActiveCfg = Debug|Any CPU
		{283223D5-5838-41CF-A836-A7F93BBF14FF}.Debug|Any CPU.Build.0 = Debug|Any CPU
		{283223D5-5838-41CF-A836-A7F93BBF14FF}.Release|Any CPU.ActiveCfg = Release|Any CPU
		{283223D5-5838-41CF-A836-A7F93BBF14FF}.Release|Any CPU.Build.0 = Release|Any CPU
	EndGlobalSection
	GlobalSection(SolutionProperties) = preSolution
		HideSolutionNode = FALSE
	EndGlobalSection
	GlobalSection(ExtensibilityGlobals) = postSolution
		SolutionGuid = {CCD2982E-9C14-43D9-839F-B4A5455EAFC6}
	EndGlobalSection
EndGlobal
